
Microsoft Visual Studio Solution File, Format Version 12.00
# Visual Studio 15
VisualStudioVersion = 15.0.27130.2003
MinimumVisualStudioVersion = 10.0.40219.1
Project("{9A19103F-16F7-4668-BE54-9A1E7A4F7556}") = "Westwind.Weblog", "Westwind.Weblog\Westwind.Weblog.csproj", "{600AD0CF-7807-4853-BF26-A40D42AB3A9B}"
EndProject
Project("{9A19103F-16F7-4668-BE54-9A1E7A4F7556}") = "Westwind.Utilities", "..\Westwind.Utilities\Westwind.Utilities\Westwind.Utilities.csproj", "{300896A4-5147-41FF-B4A4-2C37F1AB0F2F}"
EndProject
Project("{9A19103F-16F7-4668-BE54-9A1E7A4F7556}") = "Westwind.Data.EfCore", "..\Westwind.Data.EfCore\Westwind.Data.EfCore\Westwind.Data.EfCore.csproj", "{9DD6419C-EB93-4D0C-958B-6FCA91EB51D7}"
EndProject
Project("{9A19103F-16F7-4668-BE54-9A1E7A4F7556}") = "Westwind.Weblog.Business", "Westwind.Weblog.Business\Westwind.Weblog.Business.csproj", "{D47EF90B-A8CD-4A84-BCE3-2ED0B8E40D44}"
EndProject
Project("{9A19103F-16F7-4668-BE54-9A1E7A4F7556}") = "Westwind.Weblog.Business.Test", "Westwind.Weblog.Business.Test\Westwind.Weblog.Business.Test.csproj", "{8CD7BC02-D292-4D82-AC74-9F1F4B47B6F2}"
EndProject
Project("{9A19103F-16F7-4668-BE54-9A1E7A4F7556}") = "Westwind.AspNetCore", "..\Westwind.AspNetCore\Westwind.AspNetCore\Westwind.AspNetCore.csproj", "{BA084F78-9EAA-434B-B78A-64BB6DFC260B}"
EndProject
Global
	GlobalSection(SolutionConfigurationPlatforms) = preSolution
		Debug|Any CPU = Debug|Any CPU
		Release|Any CPU = Release|Any CPU
	EndGlobalSection
	GlobalSection(ProjectConfigurationPlatforms) = postSolution
		{600AD0CF-7807-4853-BF26-A40D42AB3A9B}.Debug|Any CPU.ActiveCfg = Debug|Any CPU
		{600AD0CF-7807-4853-BF26-A40D42AB3A9B}.Debug|Any CPU.Build.0 = Debug|Any CPU
		{600AD0CF-7807-4853-BF26-A40D42AB3A9B}.Release|Any CPU.ActiveCfg = Release|Any CPU
		{600AD0CF-7807-4853-BF26-A40D42AB3A9B}.Release|Any CPU.Build.0 = Release|Any CPU
		{300896A4-5147-41FF-B4A4-2C37F1AB0F2F}.Debug|Any CPU.ActiveCfg = Debug|Any CPU
		{300896A4-5147-41FF-B4A4-2C37F1AB0F2F}.Debug|Any CPU.Build.0 = Debug|Any CPU
		{300896A4-5147-41FF-B4A4-2C37F1AB0F2F}.Release|Any CPU.ActiveCfg = Release|Any CPU
		{300896A4-5147-41FF-B4A4-2C37F1AB0F2F}.Release|Any CPU.Build.0 = Release|Any CPU
		{9DD6419C-EB93-4D0C-958B-6FCA91EB51D7}.Debug|Any CPU.ActiveCfg = Debug|Any CPU
		{9DD6419C-EB93-4D0C-958B-6FCA91EB51D7}.Debug|Any CPU.Build.0 = Debug|Any CPU
		{9DD6419C-EB93-4D0C-958B-6FCA91EB51D7}.Release|Any CPU.ActiveCfg = Release|Any CPU
		{9DD6419C-EB93-4D0C-958B-6FCA91EB51D7}.Release|Any CPU.Build.0 = Release|Any CPU
		{D47EF90B-A8CD-4A84-BCE3-2ED0B8E40D44}.Debug|Any CPU.ActiveCfg = Debug|Any CPU
		{D47EF90B-A8CD-4A84-BCE3-2ED0B8E40D44}.Debug|Any CPU.Build.0 = Debug|Any CPU
		{D47EF90B-A8CD-4A84-BCE3-2ED0B8E40D44}.Release|Any CPU.ActiveCfg = Release|Any CPU
		{D47EF90B-A8CD-4A84-BCE3-2ED0B8E40D44}.Release|Any CPU.Build.0 = Release|Any CPU
		{8CD7BC02-D292-4D82-AC74-9F1F4B47B6F2}.Debug|Any CPU.ActiveCfg = Debug|Any CPU
		{8CD7BC02-D292-4D82-AC74-9F1F4B47B6F2}.Debug|Any CPU.Build.0 = Debug|Any CPU
		{8CD7BC02-D292-4D82-AC74-9F1F4B47B6F2}.Release|Any CPU.ActiveCfg = Release|Any CPU
		{8CD7BC02-D292-4D82-AC74-9F1F4B47B6F2}.Release|Any CPU.Build.0 = Release|Any CPU
		{BA084F78-9EAA-434B-B78A-64BB6DFC260B}.Debug|Any CPU.ActiveCfg = Debug|Any CPU
		{BA084F78-9EAA-434B-B78A-64BB6DFC260B}.Debug|Any CPU.Build.0 = Debug|Any CPU
		{BA084F78-9EAA-434B-B78A-64BB6DFC260B}.Release|Any CPU.ActiveCfg = Release|Any CPU
		{BA084F78-9EAA-434B-B78A-64BB6DFC260B}.Release|Any CPU.Build.0 = Release|Any CPU
	EndGlobalSection
	GlobalSection(SolutionProperties) = preSolution
		HideSolutionNode = FALSE
	EndGlobalSection
	GlobalSection(ExtensibilityGlobals) = postSolution
		SolutionGuid = {FEA85168-B34F-461C-8E6E-B567A571D450}
	EndGlobalSection
EndGlobal
