
Microsoft Visual Studio Solution File, Format Version 12.00
# Visual Studio 15
VisualStudioVersion = 15.0.27130.2026
MinimumVisualStudioVersion = 10.0.40219.1
Project("{9A19103F-16F7-4668-BE54-9A1E7A4F7556}") = "Westwind.Weblog", "Westwind.Weblog\Westwind.Weblog.csproj", "{600AD0CF-7807-4853-BF26-A40D42AB3A9B}"
EndProject
Project("{9A19103F-16F7-4668-BE54-9A1E7A4F7556}") = "Westwind.Data.EfCore", "..\Westwind.Data.EfCore\Westwind.Data.EfCore\Westwind.Data.EfCore.csproj", "{9DD6419C-EB93-4D0C-958B-6FCA91EB51D7}"
EndProject
Project("{9A19103F-16F7-4668-BE54-9A1E7A4F7556}") = "Westwind.Weblog.Business", "Westwind.Weblog.Business\Westwind.Weblog.Business.csproj", "{D47EF90B-A8CD-4A84-BCE3-2ED0B8E40D44}"
EndProject
Project("{9A19103F-16F7-4668-BE54-9A1E7A4F7556}") = "Westwind.Weblog.Business.Test", "Westwind.Weblog.Business.Test\Westwind.Weblog.Business.Test.csproj", "{8CD7BC02-D292-4D82-AC74-9F1F4B47B6F2}"
EndProject
Project("{9A19103F-16F7-4668-BE54-9A1E7A4F7556}") = "Westwind.WeblogServices.Server", "Westwind.WeblogServices.Server\Westwind.WeblogServices.Server.csproj", "{1DC862D8-CEDA-4982-AAA5-1F5CE9575E81}"
EndProject
Project("{9A19103F-16F7-4668-BE54-9A1E7A4F7556}") = "Westwind.WeblogServices.Client", "Westwind.WeblogServices.Client\Westwind.WeblogServices.Client.csproj", "{D2128489-6A71-47BF-A65C-54C04EBBD37F}"
EndProject
Project("{2150E333-8FDC-42A3-9474-1A3956D46DE8}") = "PostService", "PostService", "{31F47669-5F38-4565-9C68-9FD9B9B13B43}"
EndProject
Project("{FAE04EC0-301F-11D3-BF4B-00C04F79EFBC}") = "Westwind.Weblog.PostServiceTests", "Westwind.WeblogServices.Tests\Westwind.WeblogServices.Tests.csproj", "{580CA92E-ADF3-4E51-A7BE-43272F4E4957}"
EndProject
Global
	GlobalSection(SolutionConfigurationPlatforms) = preSolution
		Debug|Any CPU = Debug|Any CPU
		Release|Any CPU = Release|Any CPU
	EndGlobalSection
	GlobalSection(ProjectConfigurationPlatforms) = postSolution
		{600AD0CF-7807-4853-BF26-A40D42AB3A9B}.Debug|Any CPU.ActiveCfg = Debug|Any CPU
		{600AD0CF-7807-4853-BF26-A40D42AB3A9B}.Debug|Any CPU.Build.0 = Debug|Any CPU
		{600AD0CF-7807-4853-BF26-A40D42AB3A9B}.Release|Any CPU.ActiveCfg = Release|Any CPU
		{600AD0CF-7807-4853-BF26-A40D42AB3A9B}.Release|Any CPU.Build.0 = Release|Any CPU
		{9DD6419C-EB93-4D0C-958B-6FCA91EB51D7}.Debug|Any CPU.ActiveCfg = Debug|Any CPU
		{9DD6419C-EB93-4D0C-958B-6FCA91EB51D7}.Debug|Any CPU.Build.0 = Debug|Any CPU
		{9DD6419C-EB93-4D0C-958B-6FCA91EB51D7}.Release|Any CPU.ActiveCfg = Release|Any CPU
		{9DD6419C-EB93-4D0C-958B-6FCA91EB51D7}.Release|Any CPU.Build.0 = Release|Any CPU
		{D47EF90B-A8CD-4A84-BCE3-2ED0B8E40D44}.Debug|Any CPU.ActiveCfg = Debug|Any CPU
		{D47EF90B-A8CD-4A84-BCE3-2ED0B8E40D44}.Debug|Any CPU.Build.0 = Debug|Any CPU
		{D47EF90B-A8CD-4A84-BCE3-2ED0B8E40D44}.Release|Any CPU.ActiveCfg = Release|Any CPU
		{D47EF90B-A8CD-4A84-BCE3-2ED0B8E40D44}.Release|Any CPU.Build.0 = Release|Any CPU
		{8CD7BC02-D292-4D82-AC74-9F1F4B47B6F2}.Debug|Any CPU.ActiveCfg = Debug|Any CPU
		{8CD7BC02-D292-4D82-AC74-9F1F4B47B6F2}.Debug|Any CPU.Build.0 = Debug|Any CPU
		{8CD7BC02-D292-4D82-AC74-9F1F4B47B6F2}.Release|Any CPU.ActiveCfg = Release|Any CPU
		{8CD7BC02-D292-4D82-AC74-9F1F4B47B6F2}.Release|Any CPU.Build.0 = Release|Any CPU
		{1DC862D8-CEDA-4982-AAA5-1F5CE9575E81}.Debug|Any CPU.ActiveCfg = Debug|Any CPU
		{1DC862D8-CEDA-4982-AAA5-1F5CE9575E81}.Debug|Any CPU.Build.0 = Debug|Any CPU
		{1DC862D8-CEDA-4982-AAA5-1F5CE9575E81}.Release|Any CPU.ActiveCfg = Release|Any CPU
		{1DC862D8-CEDA-4982-AAA5-1F5CE9575E81}.Release|Any CPU.Build.0 = Release|Any CPU
		{D2128489-6A71-47BF-A65C-54C04EBBD37F}.Debug|Any CPU.ActiveCfg = Debug|Any CPU
		{D2128489-6A71-47BF-A65C-54C04EBBD37F}.Debug|Any CPU.Build.0 = Debug|Any CPU
		{D2128489-6A71-47BF-A65C-54C04EBBD37F}.Release|Any CPU.ActiveCfg = Release|Any CPU
		{D2128489-6A71-47BF-A65C-54C04EBBD37F}.Release|Any CPU.Build.0 = Release|Any CPU
		{580CA92E-ADF3-4E51-A7BE-43272F4E4957}.Debug|Any CPU.ActiveCfg = Debug|Any CPU
		{580CA92E-ADF3-4E51-A7BE-43272F4E4957}.Debug|Any CPU.Build.0 = Debug|Any CPU
		{580CA92E-ADF3-4E51-A7BE-43272F4E4957}.Release|Any CPU.ActiveCfg = Release|Any CPU
		{580CA92E-ADF3-4E51-A7BE-43272F4E4957}.Release|Any CPU.Build.0 = Release|Any CPU
	EndGlobalSection
	GlobalSection(SolutionProperties) = preSolution
		HideSolutionNode = FALSE
	EndGlobalSection
	GlobalSection(NestedProjects) = preSolution
		{1DC862D8-CEDA-4982-AAA5-1F5CE9575E81} = {31F47669-5F38-4565-9C68-9FD9B9B13B43}
		{D2128489-6A71-47BF-A65C-54C04EBBD37F} = {31F47669-5F38-4565-9C68-9FD9B9B13B43}
		{580CA92E-ADF3-4E51-A7BE-43272F4E4957} = {31F47669-5F38-4565-9C68-9FD9B9B13B43}
	EndGlobalSection
	GlobalSection(ExtensibilityGlobals) = postSolution
		SolutionGuid = {FEA85168-B34F-461C-8E6E-B567A571D450}
	EndGlobalSection
EndGlobal
